
Microsoft Visual Studio Solution File, Format Version 12.00
# Visual Studio 15
VisualStudioVersion = 15.0.28010.2046
MinimumVisualStudioVersion = 10.0.40219.1
Project("{FAE04EC0-301F-11D3-BF4B-00C04F79EFBC}") = "Phonebook", "Phonebook.csproj", "{BFFE6E36-CCC6-4171-8F73-80BFE92C5843}"
EndProject
Global
	GlobalSection(SolutionConfigurationPlatforms) = preSolution
		Debug|Any CPU = Debug|Any CPU
		Release|Any CPU = Release|Any CPU
	EndGlobalSection
	GlobalSection(ProjectConfigurationPlatforms) = postSolution
		{BFFE6E36-CCC6-4171-8F73-80BFE92C5843}.Debug|Any CPU.ActiveCfg = Debug|Any CPU
		{BFFE6E36-CCC6-4171-8F73-80BFE92C5843}.Debug|Any CPU.Build.0 = Debug|Any CPU
		{BFFE6E36-CCC6-4171-8F73-80BFE92C5843}.Release|Any CPU.ActiveCfg = Release|Any CPU
		{BFFE6E36-CCC6-4171-8F73-80BFE92C5843}.Release|Any CPU.Build.0 = Release|Any CPU
	EndGlobalSection
	GlobalSection(SolutionProperties) = preSolution
		HideSolutionNode = FALSE
	EndGlobalSection
	GlobalSection(ExtensibilityGlobals) = postSolution
		SolutionGuid = {1380C419-2508-40D8-BD41-D6870D206066}
	EndGlobalSection
EndGlobal
